Microsoft Visual Studio Solution File, Format Version 12.00
# Visual Studio Version 17
VisualStudioVersion = 17.13.35931.197
MinimumVisualStudioVersion = 10.0.40219.1
Project("{FAE04EC0-301F-11D3-BF4B-00C04F79EFBC}") = "Basic Opration", "Basic Opration.csproj", "{6A7CA3C3-2ABF-4DA6-B54C-9F3F9F374564}"
EndProject
Global
	GlobalSection(SolutionConfigurationPlatforms) = preSolution
		Debug|Any CPU = Debug|Any CPU
		Release|Any CPU = Release|Any CPU
	EndGlobalSection
	GlobalSection(ProjectConfigurationPlatforms) = postSolution
		{6A7CA3C3-2ABF-4DA6-B54C-9F3F9F374564}.Debug|Any CPU.ActiveCfg = Debug|Any CPU
		{6A7CA3C3-2ABF-4DA6-B54C-9F3F9F374564}.Debug|Any CPU.Build.0 = Debug|Any CPU
		{6A7CA3C3-2ABF-4DA6-B54C-9F3F9F374564}.Release|Any CPU.ActiveCfg = Release|Any CPU
		{6A7CA3C3-2ABF-4DA6-B54C-9F3F9F374564}.Release|Any CPU.Build.0 = Release|Any CPU
	EndGlobalSection
	GlobalSection(SolutionProperties) = preSolution
		HideSolutionNode = FALSE
	EndGlobalSection
	GlobalSection(ExtensibilityGlobals) = postSolution
		SolutionGuid = {4D63340D-F3BD-4AC2-B7B4-0C2110670DB3}
	EndGlobalSection
EndGlobal
